
Microsoft Visual Studio Solution File, Format Version 12.00
# Visual Studio 14
VisualStudioVersion = 14.0.25420.1
MinimumVisualStudioVersion = 10.0.40219.1
Project("{2150E333-8FDC-42A3-9474-1A3956D46DE8}") = "src", "src", "{722259CB-2395-4792-94D2-2538E5071460}"
EndProject
Project("{2150E333-8FDC-42A3-9474-1A3956D46DE8}") = "Solution Items", "Solution Items", "{5D7BBC8D-4354-4825-B5E7-9D1BDC4134A4}"
	ProjectSection(SolutionItems) = preProject
		global.json = global.json
	EndProjectSection
EndProject
Project("{8BB2217D-0F2D-49D1-97BC-3654ED321F3B}") = "SOCSeafood", "src\SOCSeafood\SOCSeafood.xproj", "{3F0D58EC-3CAE-4BB6-B3BA-6CE1E73460CB}"
EndProject
Project("{2150E333-8FDC-42A3-9474-1A3956D46DE8}") = "tests", "tests", "{014AFFD5-CD6A-49B7-A9A2-5B1CC00674BC}"
EndProject
Project("{8BB2217D-0F2D-49D1-97BC-3654ED321F3B}") = "SOCSeafood.Tests", "SOCSeafood.Tests\SOCSeafood.Tests.xproj", "{255B9628-EB12-4CB3-87A1-232B37603A7D}"
EndProject
Global
	GlobalSection(SolutionConfigurationPlatforms) = preSolution
		Debug|Any CPU = Debug|Any CPU
		Release|Any CPU = Release|Any CPU
	EndGlobalSection
	GlobalSection(ProjectConfigurationPlatforms) = postSolution
		{3F0D58EC-3CAE-4BB6-B3BA-6CE1E73460CB}.Debug|Any CPU.ActiveCfg = Debug|Any CPU
		{3F0D58EC-3CAE-4BB6-B3BA-6CE1E73460CB}.Debug|Any CPU.Build.0 = Debug|Any CPU
		{3F0D58EC-3CAE-4BB6-B3BA-6CE1E73460CB}.Release|Any CPU.ActiveCfg = Release|Any CPU
		{3F0D58EC-3CAE-4BB6-B3BA-6CE1E73460CB}.Release|Any CPU.Build.0 = Release|Any CPU
		{255B9628-EB12-4CB3-87A1-232B37603A7D}.Debug|Any CPU.ActiveCfg = Debug|Any CPU
		{255B9628-EB12-4CB3-87A1-232B37603A7D}.Debug|Any CPU.Build.0 = Debug|Any CPU
		{255B9628-EB12-4CB3-87A1-232B37603A7D}.Release|Any CPU.ActiveCfg = Release|Any CPU
		{255B9628-EB12-4CB3-87A1-232B37603A7D}.Release|Any CPU.Build.0 = Release|Any CPU
	EndGlobalSection
	GlobalSection(SolutionProperties) = preSolution
		HideSolutionNode = FALSE
	EndGlobalSection
	GlobalSection(NestedProjects) = preSolution
		{3F0D58EC-3CAE-4BB6-B3BA-6CE1E73460CB} = {722259CB-2395-4792-94D2-2538E5071460}
		{255B9628-EB12-4CB3-87A1-232B37603A7D} = {014AFFD5-CD6A-49B7-A9A2-5B1CC00674BC}
	EndGlobalSection
EndGlobal
